github.com/google/btree v1.1.2 h1:xf4v41cLI2Z6FxbKm+8Bu+m8ifhj15JuZ9sa0jZCMUU=
github.com/google/btree v1.1.2/go.mod h1:qOPhT0dTNdNzV6Z/lhRX0YXUafgPLFUh+gZMl761Gm4=
github.com/google/go-cmp v0.5.6/go.mod h1:v8dTdLbMG2kIc/vJvl+f65V22dbkXbowE6jgT/gNBxE=
github.com/gost-dom/browser v0.12.0 h1:M+x33yA6VyMPlAXddDCJBPbo8hf56CtLsf0qoppbbhw=
github.com/gost-dom/browser v0.12.0/go.mod h1:W45VPBEINduxnsOzN0Uil2Et9rCLZddUMuko0FH1SmM=
github.com/gost-dom/css v0.1.0 h1:O4aXjnYonQH1EDwKysXCQOgGVLwCWd/+HJeGO15sDIE=
github.com/gost-dom/css v0.1.0/go.mod h1:BYfl+dr6Dzl6RoKn4op6TynJ7GmFqP0kFCM44NEVgNs=
github.com/soypat/lneto v0.1.1-0.20260609173350-82f946154800 h1:DO6h8xFE/NbUZNDjIRMnOEXOQykAUB5Jfe0RXEEqijU=
github.com/soypat/lneto v0.1.1-0.20260609173350-82f946154800/go.mod h1:Be5PjwoYukvHFiUXxpYi8+ppH2F/gw/vjGBvFdv+Ti8=
github.com/usbarmory/go-net v0.0.0-20260626130943-dad9ef39fd9b h1:QOgzNwGI3ZFJzr+B3HJJsJ1Xp3jN6wcTX+dTbZ6Cwow=
github.com/usbarmory/go-net v0.0.0-20260626130943-dad9ef39fd9b/go.mod h1:buOhhKgCq3hxLvQ3QUMVHZy5XKcxFcx4zjOgGc2PEas=
github.com/usbarmory/tamago v1.26.4 h1:laFvRANKgVYFHxLHjIlhqJCc3Xm+qMyab2SlUoNw6zY=
github.com/usbarmory/tamago v1.26.4/go.mod h1:HZkb+ZkzFl8aCxAuF7exsKX+XaNM0mYG9Iv7ooX1WDY=
golang.org/x/image v0.44.0 h1:+tDekMZED9+LrtB3G5xzRggpVh9CARjZqROla3R3R+I=
golang.org/x/image v0.44.0/go.mod h1:V8K3KE9KKKE+pLpQDOeN18w9oacNSvy1tDOirTu4xtY=
golang.org/x/net v0.0.0-20211216030914-fe4d6282115f/go.mod h1:9nx3DQGgdP8bBQD5qxJ1jj9UTztislL4KSBs9R2vV5Y=
golang.org/x/net v0.47.0 h1:Mx+4dIFzqraBXUugkia1OOvlD6LemFo1ALMHjrXDOhY=
golang.org/x/net v0.47.0/go.mod h1:/jNxtkgq5yWUGYkaZGqo27cfGZ1c5Nen03aYrrKpVRU=
golang.org/x/sys v0.0.0-20201119102817-f84b799fce68/go.mod h1:h1NjWce9XRLGQEsW7wpKNCjG9DtNlClVuFLEZdDNbEs=
golang.org/x/sys v0.0.0-20210423082822-04245dca01da/go.mod h1:h1NjWce9XRLGQEsW7wpKNCjG9DtNlClVuFLEZdDNbEs=
golang.org/x/sys v0.44.0 h1:ildZl3J4uzeKP07r2F++Op7E9B29JRUy+a27EibtBTQ=
golang.org/x/sys v0.44.0/go.mod h1:4GL1E5IUh+htKOUEOaiffhrAeqysfVGipDYzABqnCmw=
golang.org/x/term v0.0.0-20201126162022-7de9c90e9dd1/go.mod h1:bj7SfCRtBDWHUb9snDiAeCFNEtKQo2Wmx5Cou7ajbmo=
golang.org/x/text v0.3.6/go.mod h1:5Zoc/QRtKVWzQhOtBMvqHzDpF6irO9z98xDceosuGiQ=
golang.org/x/time v0.7.0 h1:ntUhktv3OPE6TgYxXWv9vKvUSJyIFJlyohwbkEwPrKQ=
golang.org/x/time v0.7.0/go.mod h1:3BpzKBy/shNhVucY/MWOyx10tF3SFh9QdLuxbVysPQM=
golang.org/x/tools v0.0.0-20180917221912-90fa682c2a6e/go.mod h1:n7NCudcB/nEzxVGmLbDWY5pfWTLqBcC2KZ6jyYvM4mQ=
golang.org/x/xerrors v0.0.0-20191204190536-9bdfabe68543/go.mod h1:I/5z698sn9Ka8TeJc9MKroUUfqBBauWjQqLJ2OPfmY0=
gvisor.dev/gvisor v0.0.0-20250911055229-61a46406f068 h1:95kdltF/maTDk/Wulj7V81cSLgjB/Mg/6eJmOKsey4U=
gvisor.dev/gvisor v0.0.0-20250911055229-61a46406f068/go.mod h1:K16uJjZ+hSqDVsXhU2Rg2FpMN7kBvjZp/Ibt5BYZJjw=
